
Microsoft Visual Studio Solution File, Format Version 12.00
# Visual Studio Version 17
VisualStudioVersion = 17.10.35013.160
MinimumVisualStudioVersion = 10.0.40219.1
Project("{9A19103F-16F7-4668-BE54-9A1E7A4F7556}") = "LOTOV3", "LOTOV3\LOTOV3.csproj", "{CCC95026-EE38-4F9C-9896-75495DC93FEA}"
	ProjectSection(ProjectDependencies) = postProject
		{86CE1A3E-6956-405A-ADD6-3CB51994A437} = {86CE1A3E-6956-405A-ADD6-3CB51994A437}
	EndProjectSection
EndProject
Project("{FAE04EC0-301F-11D3-BF4B-00C04F79EFBC}") = "FichesLoto.Shared", "FichesLoto.Shared\FichesLoto.Shared.csproj", "{86CE1A3E-6956-405A-ADD6-3CB51994A437}"
EndProject
Global
	GlobalSection(SolutionConfigurationPlatforms) = preSolution
		Debug|Any CPU = Debug|Any CPU
		Release|Any CPU = Release|Any CPU
	EndGlobalSection
	GlobalSection(ProjectConfigurationPlatforms) = postSolution
		{CCC95026-EE38-4F9C-9896-75495DC93FEA}.Debug|Any CPU.ActiveCfg = Debug|Any CPU
		{CCC95026-EE38-4F9C-9896-75495DC93FEA}.Debug|Any CPU.Build.0 = Debug|Any CPU
		{CCC95026-EE38-4F9C-9896-75495DC93FEA}.Release|Any CPU.ActiveCfg = Release|Any CPU
		{CCC95026-EE38-4F9C-9896-75495DC93FEA}.Release|Any CPU.Build.0 = Release|Any CPU
		{86CE1A3E-6956-405A-ADD6-3CB51994A437}.Debug|Any CPU.ActiveCfg = Debug|Any CPU
		{86CE1A3E-6956-405A-ADD6-3CB51994A437}.Debug|Any CPU.Build.0 = Debug|Any CPU
		{86CE1A3E-6956-405A-ADD6-3CB51994A437}.Release|Any CPU.ActiveCfg = Release|Any CPU
		{86CE1A3E-6956-405A-ADD6-3CB51994A437}.Release|Any CPU.Build.0 = Release|Any CPU
	EndGlobalSection
	GlobalSection(SolutionProperties) = preSolution
		HideSolutionNode = FALSE
	EndGlobalSection
	GlobalSection(ExtensibilityGlobals) = postSolution
		SolutionGuid = {FBE50DDD-59A7-41AE-B369-7585D70F0313}
	EndGlobalSection
EndGlobal
